// !$*UTF8*$!
{
	archiveVersion = 1;
	classes = {
	};
	objectVersion = 46;
	objects = {

/* Begin PBXBuildFile section */
		2BB218701E3E7E0400657244 /* ChatViewController.swift in Sources */ = {isa = PBXBuildFile; fileRef = 2BB2186F1E3E7E0400657244 /* ChatViewController.swift */; };
		2BB218751E3E8ECE00657244 /* MessageTableViewCell.swift in Sources */ = {isa = PBXBuildFile; fileRef = 2BB218741E3E8ECE00657244 /* MessageTableViewCell.swift */; };
		2BC193D31E3E5ADA00C73FAF /* AppDelegate.swift in Sources */ = {isa = PBXBuildFile; fileRef = 2BC193D21E3E5ADA00C73FAF /* AppDelegate.swift */; };
		2BC193D81E3E5ADA00C73FAF /* Main.storyboard in Resources */ = {isa = PBXBuildFile; fileRef = 2BC193D61E3E5ADA00C73FAF /* Main.storyboard */; };
		2BC193DA1E3E5ADA00C73FAF /* Assets.xcassets in Resources */ = {isa = PBXBuildFile; fileRef = 2BC193D91E3E5ADA00C73FAF /* Assets.xcassets */; };
		2BC193DD1E3E5ADA00C73FAF /* LaunchScreen.storyboard in Resources */ = {isa = PBXBuildFile; fileRef = 2BC193DB1E3E5ADA00C73FAF /* LaunchScreen.storyboard */; };
		2BC193E61E3E5BF700C73FAF /* LoginViewController.swift in Sources */ = {isa = PBXBuildFile; fileRef = 2BC193E51E3E5BF700C73FAF /* LoginViewController.swift */; };
		65BEDA0B7B110DB92CA11A0D /* Pods_Chat.framework in Frameworks */ = {isa = PBXBuildFile; fileRef = B9F85BCCA2AA7EEA62CD8B7A /* Pods_Chat.framework */; };
/* End PBXBuildFile section */

/* Begin PBXFileReference section */
		2BB2186F1E3E7E0400657244 /* ChatViewController.swift */ = {isa = PBXFileReference; fileEncoding = 4; lastKnownFileType = sourcecode.swift; path = ChatViewController.swift; sourceTree = "<group>"; };
		2BB218741E3E8ECE00657244 /* MessageTableViewCell.swift */ = {isa = PBXFileReference; fileEncoding = 4; lastKnownFileType = sourcecode.swift; path = MessageTableViewCell.swift; sourceTree = "<group>"; };
		2BB218761E3E975200657244 /* Chat.entitlements */ = {isa = PBXFileReference; lastKnownFileType = text.plist.entitlements; path = Chat.entitlements; sourceTree = "<group>"; };
		2BC193CF1E3E5ADA00C73FAF /* Chat.app */ = {isa = PBXFileReference; explicitFileType = wrapper.application; includeInIndex = 0; path = Chat.app; sourceTree = BUILT_PRODUCTS_DIR; };
		2BC193D21E3E5ADA00C73FAF /* AppDelegate.swift */ = {isa = PBXFileReference; lastKnownFileType = sourcecode.swift; path = AppDelegate.swift; sourceTree = "<group>"; };
		2BC193D71E3E5ADA00C73FAF /* Base */ = {isa = PBXFileReference; lastKnownFileType = file.storyboard; name = Base; path = Base.lproj/Main.storyboard; sourceTree = "<group>"; };
		2BC193D91E3E5ADA00C73FAF /* Assets.xcassets */ = {isa = PBXFileReference; lastKnownFileType = folder.assetcatalog; path = Assets.xcassets; sourceTree = "<group>"; };
		2BC193DC1E3E5ADA00C73FAF /* Base */ = {isa = PBXFileReference; lastKnownFileType = file.storyboard; name = Base; path = Base.lproj/LaunchScreen.storyboard; sourceTree = "<group>"; };
		2BC193DE1E3E5ADA00C73FAF /* Info.plist */ = {isa = PBXFileReference; lastKnownFileType = text.plist.xml; path = Info.plist; sourceTree = "<group>"; };
		2BC193E51E3E5BF700C73FAF /* LoginViewController.swift */ = {isa = PBXFileReference; fileEncoding = 4; lastKnownFileType = sourcecode.swift; path = LoginViewController.swift; sourceTree = "<group>"; };
		94E277E74407CC2445BF14A6 /* Pods-Chat.debug.xcconfig */ = {isa = PBXFileReference; includeInIndex = 1; lastKnownFileType = text.xcconfig; name = "Pods-Chat.debug.xcconfig"; path = "Pods/Target Support Files/Pods-Chat/Pods-Chat.debug.xcconfig"; sourceTree = "<group>"; };
		B9F85BCCA2AA7EEA62CD8B7A /* Pods_Chat.framework */ = {isa = PBXFileReference; explicitFileType = wrapper.framework; includeInIndex = 0; path = Pods_Chat.framework; sourceTree = BUILT_PRODUCTS_DIR; };
		E2A56905D4BCCC7F56F97643 /* Pods-Chat.release.xcconfig */ = {isa = PBXFileReference; includeInIndex = 1; lastKnownFileType = text.xcconfig; name = "Pods-Chat.release.xcconfig"; path = "Pods/Target Support Files/Pods-Chat/Pods-Chat.release.xcconfig"; sourceTree = "<group>"; };
/* End PBXFileReference section */

/* Begin PBXFrameworksBuildPhase section */
		2BC193CC1E3E5ADA00C73FAF /* Frameworks */ = {
			isa = PBXFrameworksBuildPhase;
			buildActionMask = 2147483647;
			files = (
				65BEDA0B7B110DB92CA11A0D /* Pods_Chat.framework in Frameworks */,
			);
			runOnlyForDeploymentPostprocessing = 0;
		};
/* End PBXFrameworksBuildPhase section */

/* Begin PBXGroup section */
		0F8FD79214D951E0A2DFEE78 /* Frameworks */ = {
			isa = PBXGroup;
			children = (
				B9F85BCCA2AA7EEA62CD8B7A /* Pods_Chat.framework */,
			);
			name = Frameworks;
			sourceTree = "<group>";
		};
		2BB218711E3E8A9800657244 /* Models */ = {
			isa = PBXGroup;
			children = (
			);
			name = Models;
			sourceTree = "<group>";
		};
		2BC193C61E3E5ADA00C73FAF = {
			isa = PBXGroup;
			children = (
				2BC193D11E3E5ADA00C73FAF /* Chat */,
				2BC193D01E3E5ADA00C73FAF /* Products */,
				8751B13CA690F3E40DCA1D5D /* Pods */,
				0F8FD79214D951E0A2DFEE78 /* Frameworks */,
			);
			sourceTree = "<group>";
		};
		2BC193D01E3E5ADA00C73FAF /* Products */ = {
			isa = PBXGroup;
			children = (
				2BC193CF1E3E5ADA00C73FAF /* Chat.app */,
			);
			name = Products;
			sourceTree = "<group>";
		};
		2BC193D11E3E5ADA00C73FAF /* Chat */ = {
			isa = PBXGroup;
			children = (
				2BB218761E3E975200657244 /* Chat.entitlements */,
				2BB218711E3E8A9800657244 /* Models */,
				2BC193E41E3E5BD900C73FAF /* ViewControllers */,
				2BC193D21E3E5ADA00C73FAF /* AppDelegate.swift */,
				2BC193D61E3E5ADA00C73FAF /* Main.storyboard */,
				2BC193D91E3E5ADA00C73FAF /* Assets.xcassets */,
				2BC193DB1E3E5ADA00C73FAF /* LaunchScreen.storyboard */,
				2BC193DE1E3E5ADA00C73FAF /* Info.plist */,
				2BB218741E3E8ECE00657244 /* MessageTableViewCell.swift */,
			);
			path = Chat;
			sourceTree = "<group>";
		};
		2BC193E41E3E5BD900C73FAF /* ViewControllers */ = {
			isa = PBXGroup;
			children = (
				2BC193E51E3E5BF700C73FAF /* LoginViewController.swift */,
				2BB2186F1E3E7E0400657244 /* ChatViewController.swift */,
			);
			name = ViewControllers;
			sourceTree = "<group>";
		};
		8751B13CA690F3E40DCA1D5D /* Pods */ = {
			isa = PBXGroup;
			children = (
				94E277E74407CC2445BF14A6 /* Pods-Chat.debug.xcconfig */,
				E2A56905D4BCCC7F56F97643 /* Pods-Chat.release.xcconfig */,
			);
			name = Pods;
			sourceTree = "<group>";
		};
/* End PBXGroup section */

/* Begin PBXNativeTarget section */
		2BC193CE1E3E5ADA00C73FAF /* Chat */ = {
			isa = PBXNativeTarget;
			buildConfigurationList = 2BC193E11E3E5ADA00C73FAF /* Build configuration list for PBXNativeTarget "Chat" */;
			buildPhases = (
				A215A3923A2E7B2FB371CCDE /* [CP] Check Pods Manifest.lock */,
				2BC193CB1E3E5ADA00C73FAF /* Sources */,
				2BC193CC1E3E5ADA00C73FAF /* Frameworks */,
				2BC193CD1E3E5ADA00C73FAF /* Resources */,
				ADD8ACBA53565233E473E93C /* [CP] Embed Pods Frameworks */,
				AEDB0FAA17F81EE65F1CA1D0 /* [CP] Copy Pods Resources */,
			);
			buildRules = (
			);
			dependencies = (
			);
			name = Chat;
			productName = Chat;
			productReference = 2BC193CF1E3E5ADA00C73FAF /* Chat.app */;
			productType = "com.apple.product-type.application";
		};
/* End PBXNativeTarget section */

/* Begin PBXProject section */
		2BC193C71E3E5ADA00C73FAF /* Project object */ = {
			isa = PBXProject;
			attributes = {
				LastSwiftUpdateCheck = 0810;
				LastUpgradeCheck = 0810;
				ORGANIZATIONNAME = "Tao Wang";
				TargetAttributes = {
					2BC193CE1E3E5ADA00C73FAF = {
						CreatedOnToolsVersion = 8.1;
						DevelopmentTeam = AW32GP72L6;
						ProvisioningStyle = Automatic;
						SystemCapabilities = {
							com.apple.Keychain = {
								enabled = 1;
							};
						};
					};
				};
			};
			buildConfigurationList = 2BC193CA1E3E5ADA00C73FAF /* Build configuration list for PBXProject "Chat" */;
			compatibilityVersion = "Xcode 3.2";
			developmentRegion = English;
			hasScannedForEncodings = 0;
			knownRegions = (
				en,
				Base,
			);
			mainGroup = 2BC193C61E3E5ADA00C73FAF;
			productRefGroup = 2BC193D01E3E5ADA00C73FAF /* Products */;
			projectDirPath = "";
			projectRoot = "";
			targets = (
				2BC193CE1E3E5ADA00C73FAF /* Chat */,
			);
		};
/* End PBXProject section */

/* Begin PBXResourcesBuildPhase section */
		2BC193CD1E3E5ADA00C73FAF /* Resources */ = {
			isa = PBXResourcesBuildPhase;
			buildActionMask = 2147483647;
			files = (
				2BC193DD1E3E5ADA00C73FAF /* LaunchScreen.storyboard in Resources */,
				2BC193DA1E3E5ADA00C73FAF /* Assets.xcassets in Resources */,
				2BC193D81E3E5ADA00C73FAF /* Main.storyboard in Resources */,
			);
			runOnlyForDeploymentPostprocessing = 0;
		};
/* End PBXResourcesBuildPhase section */

/* Begin PBXShellScriptBuildPhase section */
		A215A3923A2E7B2FB371CCDE /* [CP] Check Pods Manifest.lock */ = {
			isa = PBXShellScriptBuildPhase;
			buildActionMask = 2147483647;
			files = (
			);
			inputPaths = (
			);
			name = "[CP] Check Pods Manifest.lock";
			outputPaths = (
			);
			runOnlyForDeploymentPostprocessing = 0;
			shellPath = /bin/sh;
			shellScript = "diff \"${PODS_ROOT}/../Podfile.lock\" \"${PODS_ROOT}/Manifest.lock\" > /dev/null\nif [ $? != 0 ] ; then\n    # print error to STDERR\n    echo \"error: The sandbox is not in sync with the Podfile.lock. Run 'pod install' or update your CocoaPods installation.\" >&2\n    exit 1\nfi\n";
			showEnvVarsInLog = 0;
		};
		ADD8ACBA53565233E473E93C /* [CP] Embed Pods Frameworks */ = {
			isa = PBXShellScriptBuildPhase;
			buildActionMask = 2147483647;
			files = (
			);
			inputPaths = (
			);
			name = "[CP] Embed Pods Frameworks";
			outputPaths = (
			);
			runOnlyForDeploymentPostprocessing = 0;
			shellPath = /bin/sh;
			shellScript = "\"${SRCROOT}/Pods/Target Support Files/Pods-Chat/Pods-Chat-frameworks.sh\"\n";
			showEnvVarsInLog = 0;
		};
		AEDB0FAA17F81EE65F1CA1D0 /* [CP] Copy Pods Resources */ = {
			isa = PBXShellScriptBuildPhase;
			buildActionMask = 2147483647;
			files = (
			);
			inputPaths = (
			);
			name = "[CP] Copy Pods Resources";
			outputPaths = (
			);
			runOnlyForDeploymentPostprocessing = 0;
			shellPath = /bin/sh;
			shellScript = "\"${SRCROOT}/Pods/Target Support Files/Pods-Chat/Pods-Chat-resources.sh\"\n";
			showEnvVarsInLog = 0;
		};
/* End PBXShellScriptBuildPhase section */

/* Begin PBXSourcesBuildPhase section */
		2BC193CB1E3E5ADA00C73FAF /* Sources */ = {
			isa = PBXSourcesBuildPhase;
			buildActionMask = 2147483647;
			files = (
				2BC193E61E3E5BF700C73FAF /* LoginViewController.swift in Sources */,
				2BB218701E3E7E0400657244 /* ChatViewController.swift in Sources */,
				2BB218751E3E8ECE00657244 /* MessageTableViewCell.swift in Sources */,
				2BC193D31E3E5ADA00C73FAF /* AppDelegate.swift in Sources */,
			);
			runOnlyForDeploymentPostprocessing = 0;
		};
/* End PBXSourcesBuildPhase section */

/* Begin PBXVariantGroup section */
		2BC193D61E3E5ADA00C73FAF /* Main.storyboard */ = {
			isa = PBXVariantGroup;
			children = (
				2BC193D71E3E5ADA00C73FAF /* Base */,
			);
			name = Main.storyboard;
			sourceTree = "<group>";
		};
		2BC193DB1E3E5ADA00C73FAF /* LaunchScreen.storyboard */ = {
			isa = PBXVariantGroup;
			children = (
				2BC193DC1E3E5ADA00C73FAF /* Base */,
			);
			name = LaunchScreen.storyboard;
			sourceTree = "<group>";
		};
/* End PBXVariantGroup section */

/* Begin XCBuildConfiguration section */
		2BC193DF1E3E5ADA00C73FAF /* Debug */ = {
			isa = XCBuildConfiguration;
			buildSettings = {
				ALWAYS_SEARCH_USER_PATHS = NO;
				CLANG_ANALYZER_NONNULL = YES;
				CLANG_CXX_LANGUAGE_STANDARD = "gnu++0x";
				CLANG_CXX_LIBRARY = "libc++";
				CLANG_ENABLE_MODULES = YES;
				CLANG_ENABLE_OBJC_ARC = YES;
				CLANG_WARN_BOOL_CONVERSION = YES;
				CLANG_WARN_CONSTANT_CONVERSION = YES;
				CLANG_WARN_DIRECT_OBJC_ISA_USAGE = YES_ERROR;
				CLANG_WARN_DOCUMENTATION_COMMENTS = YES;
				CLANG_WARN_EMPTY_BODY = YES;
				CLANG_WARN_ENUM_CONVERSION = YES;
				CLANG_WARN_INFINITE_RECURSION = YES;
				CLANG_WARN_INT_CONVERSION = YES;
				CLANG_WARN_OBJC_ROOT_CLASS = YES_ERROR;
				CLANG_WARN_SUSPICIOUS_MOVES = YES;
				CLANG_WARN_UNREACHABLE_CODE = YES;
				CLANG_WARN__DUPLICATE_METHOD_MATCH = YES;
				"CODE_SIGN_IDENTITY[sdk=iphoneos*]" = "iPhone Developer";
				COPY_PHASE_STRIP = NO;
				DEBUG_INFORMATION_FORMAT = dwarf;
				ENABLE_STRICT_OBJC_MSGSEND = YES;
				ENABLE_TESTABILITY = YES;
				GCC_C_LANGUAGE_STANDARD = gnu99;
				GCC_DYNAMIC_NO_PIC = NO;
				GCC_NO_COMMON_BLOCKS = YES;
				GCC_OPTIMIZATION_LEVEL = 0;
				GCC_PREPROCESSOR_DEFINITIONS = (
					"DEBUG=1",
					"$(inherited)",
				);
				GCC_WARN_64_TO_32_BIT_CONVERSION = YES;
				GCC_WARN_ABOUT_RETURN_TYPE = YES_ERROR;
				GCC_WARN_UNDECLARED_SELECTOR = YES;
				GCC_WARN_UNINITIALIZED_AUTOS = YES_AGGRESSIVE;
				GCC_WARN_UNUSED_FUNCTION = YES;
				GCC_WARN_UNUSED_VARIABLE = YES;
				IPHONEOS_DEPLOYMENT_TARGET = 10.1;
				MTL_ENABLE_DEBUG_INFO = YES;
				ONLY_ACTIVE_ARCH = YES;
				SDKROOT = iphoneos;
				SWIFT_ACTIVE_COMPILATION_CONDITIONS = DEBUG;
				SWIFT_OPTIMIZATION_LEVEL = "-Onone";
				TARGETED_DEVICE_FAMILY = "1,2";
			};
			name = Debug;
		};
		2BC193E01E3E5ADA00C73FAF /* Release */ = {
			isa = XCBuildConfiguration;
			buildSettings = {
				ALWAYS_SEARCH_USER_PATHS = NO;
				CLANG_ANALYZER_NONNULL = YES;
				CLANG_CXX_LANGUAGE_STANDARD = "gnu++0x";
				CLANG_CXX_LIBRARY = "libc++";
				CLANG_ENABLE_MODULES = YES;
				CLANG_ENABLE_OBJC_ARC = YES;
				CLANG_WARN_BOOL_CONVERSION = YES;
				CLANG_WARN_CONSTANT_CONVERSION = YES;
				CLANG_WARN_DIRECT_OBJC_ISA_USAGE = YES_ERROR;
				CLANG_WARN_DOCUMENTATION_COMMENTS = YES;
				CLANG_WARN_EMPTY_BODY = YES;
				CLANG_WARN_ENUM_CONVERSION = YES;
				CLANG_WARN_INFINITE_RECURSION = YES;
				CLANG_WARN_INT_CONVERSION = YES;
				CLANG_WARN_OBJC_ROOT_CLASS = YES_ERROR;
				CLANG_WARN_SUSPICIOUS_MOVES = YES;
				CLANG_WARN_UNREACHABLE_CODE = YES;
				CLANG_WARN__DUPLICATE_METHOD_MATCH = YES;
				"CODE_SIGN_IDENTITY[sdk=iphoneos*]" = "iPhone Developer";
				COPY_PHASE_STRIP = NO;
				DEBUG_INFORMATION_FORMAT = "dwarf-with-dsym";
				ENABLE_NS_ASSERTIONS = NO;
				ENABLE_STRICT_OBJC_MSGSEND = YES;
				GCC_C_LANGUAGE_STANDARD = gnu99;
				GCC_NO_COMMON_BLOCKS = YES;
				GCC_WARN_64_TO_32_BIT_CONVERSION = YES;
				GCC_WARN_ABOUT_RETURN_TYPE = YES_ERROR;
				GCC_WARN_UNDECLARED_SELECTOR = YES;
				GCC_WARN_UNINITIALIZED_AUTOS = YES_AGGRESSIVE;
				GCC_WARN_UNUSED_FUNCTION = YES;
				GCC_WARN_UNUSED_VARIABLE = YES;
				IPHONEOS_DEPLOYMENT_TARGET = 10.1;
				MTL_ENABLE_DEBUG_INFO = NO;
				SDKROOT = iphoneos;
				SWIFT_OPTIMIZATION_LEVEL = "-Owholemodule";
				TARGETED_DEVICE_FAMILY = "1,2";
				VALIDATE_PRODUCT = YES;
			};
			name = Release;
		};
		2BC193E21E3E5ADA00C73FAF /* Debug */ = {
			isa = XCBuildConfiguration;
			baseConfigurationReference = 94E277E74407CC2445BF14A6 /* Pods-Chat.debug.xcconfig */;
			buildSettings = {
				ASSETCATALOG_COMPILER_APPICON_NAME = AppIcon;
				CODE_SIGN_ENTITLEMENTS = Chat/Chat.entitlements;
				DEVELOPMENT_TEAM = AW32GP72L6;
				INFOPLIST_FILE = Chat/Info.plist;
				LD_RUNPATH_SEARCH_PATHS = "$(inherited) @executable_path/Frameworks";
				PRODUCT_BUNDLE_IDENTIFIER = Tao.Chat;
				PRODUCT_NAME = "$(TARGET_NAME)";
				SWIFT_VERSION = 3.0;
			};
			name = Debug;
		};
		2BC193E31E3E5ADA00C73FAF /* Release */ = {
			isa = XCBuildConfiguration;
			baseConfigurationReference = E2A56905D4BCCC7F56F97643 /* Pods-Chat.release.xcconfig */;
			buildSettings = {
				ASSETCATALOG_COMPILER_APPICON_NAME = AppIcon;
				CODE_SIGN_ENTITLEMENTS = Chat/Chat.entitlements;
				DEVELOPMENT_TEAM = AW32GP72L6;
				INFOPLIST_FILE = Chat/Info.plist;
				LD_RUNPATH_SEARCH_PATHS = "$(inherited) @executable_path/Frameworks";
				PRODUCT_BUNDLE_IDENTIFIER = Tao.Chat;
				PRODUCT_NAME = "$(TARGET_NAME)";
				SWIFT_VERSION = 3.0;
			};
			name = Release;
		};
/* End XCBuildConfiguration section */

/* Begin XCConfigurationList section */
		2BC193CA1E3E5ADA00C73FAF /* Build configuration list for PBXProject "Chat" */ = {
			isa = XCConfigurationList;
			buildConfigurations = (
				2BC193DF1E3E5ADA00C73FAF /* Debug */,
				2BC193E01E3E5ADA00C73FAF /* Release */,
			);
			defaultConfigurationIsVisible = 0;
			defaultConfigurationName = Release;
		};
		2BC193E11E3E5ADA00C73FAF /* Build configuration list for PBXNativeTarget "Chat" */ = {
			isa = XCConfigurationList;
			buildConfigurations = (
				2BC193E21E3E5ADA00C73FAF /* Debug */,
				2BC193E31E3E5ADA00C73FAF /* Release */,
			);
			defaultConfigurationIsVisible = 0;
			defaultConfigurationName = Release;
		};
/* End XCConfigurationList section */
	};
	rootObject = 2BC193C71E3E5ADA00C73FAF /* Project object */;
}
